
Microsoft Visual Studio Solution File, Format Version 12.00
# Visual Studio Version 17
VisualStudioVersion = 17.0.31903.59
MinimumVisualStudioVersion = 10.0.40219.1
Project("{FAE04EC0-301F-11D3-BF4B-00C04F79EFBC}") = "ImageProcessing.Shared", "ImageProcessing.Shared\ImageProcessing.Shared.csproj", "{980D0B76-B5BE-412C-8AB7-7ED59A39B477}"
EndProject
Project("{FAE04EC0-301F-11D3-BF4B-00C04F79EFBC}") = "ImageProcessing.Client", "ImageProcessing.Client\ImageProcessing.Client.csproj", "{F8288209-793B-4583-85D9-7588AB0FE3C6}"
EndProject
Project("{FAE04EC0-301F-11D3-BF4B-00C04F79EFBC}") = "ImageProcessing.Server", "ImageProcessing.Server\ImageProcessing.Server.csproj", "{1D453D88-1E9D-4865-B06C-0BD689F23E70}"
EndProject
Project("{FAE04EC0-301F-11D3-BF4B-00C04F79EFBC}") = "ImageProcessing.CUDA", "ImageProcessing.CUDA\ImageProcessing.CUDA.csproj", "{BB47279C-F0EF-4966-B00B-769BB0A3046B}"
EndProject
Project("{2150E333-8FDC-42A3-9474-1A3956D46DE8}") = "Solution Items", "Solution Items", "{E2BB6D8F-7058-4F0F-AC2D-15E2B745BCC2}"
	ProjectSection(SolutionItems) = preProject
		docker\docker-compose.yml = docker\docker-compose.yml
		docker\rabbitmq.conf = docker\rabbitmq.conf
		README.md = README.md
		.gitignore = .gitignore
	EndProjectSection
EndProject
Project("{2150E333-8FDC-42A3-9474-1A3956D46DE8}") = "ProcessingSystem", "ProcessingSystem", "{00A34E7F-3787-4B40-A973-B037E312BE04}"
EndProject
Global
	GlobalSection(SolutionConfigurationPlatforms) = preSolution
		Debug|Any CPU = Debug|Any CPU
		Debug|x64 = Debug|x64
		Debug|x86 = Debug|x86
		Release|Any CPU = Release|Any CPU
		Release|x64 = Release|x64
		Release|x86 = Release|x86
	EndGlobalSection
	GlobalSection(ProjectConfigurationPlatforms) = postSolution
		{980D0B76-B5BE-412C-8AB7-7ED59A39B477}.Debug|Any CPU.ActiveCfg = Debug|Any CPU
		{980D0B76-B5BE-412C-8AB7-7ED59A39B477}.Debug|Any CPU.Build.0 = Debug|Any CPU
		{980D0B76-B5BE-412C-8AB7-7ED59A39B477}.Debug|x64.ActiveCfg = Debug|Any CPU
		{980D0B76-B5BE-412C-8AB7-7ED59A39B477}.Debug|x64.Build.0 = Debug|Any CPU
		{980D0B76-B5BE-412C-8AB7-7ED59A39B477}.Debug|x86.ActiveCfg = Debug|Any CPU
		{980D0B76-B5BE-412C-8AB7-7ED59A39B477}.Debug|x86.Build.0 = Debug|Any CPU
		{980D0B76-B5BE-412C-8AB7-7ED59A39B477}.Release|Any CPU.ActiveCfg = Release|Any CPU
		{980D0B76-B5BE-412C-8AB7-7ED59A39B477}.Release|Any CPU.Build.0 = Release|Any CPU
		{980D0B76-B5BE-412C-8AB7-7ED59A39B477}.Release|x64.ActiveCfg = Release|Any CPU
		{980D0B76-B5BE-412C-8AB7-7ED59A39B477}.Release|x64.Build.0 = Release|Any CPU
		{980D0B76-B5BE-412C-8AB7-7ED59A39B477}.Release|x86.ActiveCfg = Release|Any CPU
		{980D0B76-B5BE-412C-8AB7-7ED59A39B477}.Release|x86.Build.0 = Release|Any CPU
		{F8288209-793B-4583-85D9-7588AB0FE3C6}.Debug|Any CPU.ActiveCfg = Debug|Any CPU
		{F8288209-793B-4583-85D9-7588AB0FE3C6}.Debug|Any CPU.Build.0 = Debug|Any CPU
		{F8288209-793B-4583-85D9-7588AB0FE3C6}.Debug|x64.ActiveCfg = Debug|Any CPU
		{F8288209-793B-4583-85D9-7588AB0FE3C6}.Debug|x64.Build.0 = Debug|Any CPU
		{F8288209-793B-4583-85D9-7588AB0FE3C6}.Debug|x86.ActiveCfg = Debug|Any CPU
		{F8288209-793B-4583-85D9-7588AB0FE3C6}.Debug|x86.Build.0 = Debug|Any CPU
		{F8288209-793B-4583-85D9-7588AB0FE3C6}.Release|Any CPU.ActiveCfg = Release|Any CPU
		{F8288209-793B-4583-85D9-7588AB0FE3C6}.Release|Any CPU.Build.0 = Release|Any CPU
		{F8288209-793B-4583-85D9-7588AB0FE3C6}.Release|x64.ActiveCfg = Release|Any CPU
		{F8288209-793B-4583-85D9-7588AB0FE3C6}.Release|x64.Build.0 = Release|Any CPU
		{F8288209-793B-4583-85D9-7588AB0FE3C6}.Release|x86.ActiveCfg = Release|Any CPU
		{F8288209-793B-4583-85D9-7588AB0FE3C6}.Release|x86.Build.0 = Release|Any CPU
		{1D453D88-1E9D-4865-B06C-0BD689F23E70}.Debug|Any CPU.ActiveCfg = Debug|Any CPU
		{1D453D88-1E9D-4865-B06C-0BD689F23E70}.Debug|Any CPU.Build.0 = Debug|Any CPU
		{1D453D88-1E9D-4865-B06C-0BD689F23E70}.Debug|x64.ActiveCfg = Debug|Any CPU
		{1D453D88-1E9D-4865-B06C-0BD689F23E70}.Debug|x64.Build.0 = Debug|Any CPU
		{1D453D88-1E9D-4865-B06C-0BD689F23E70}.Debug|x86.ActiveCfg = Debug|Any CPU
		{1D453D88-1E9D-4865-B06C-0BD689F23E70}.Debug|x86.Build.0 = Debug|Any CPU
		{1D453D88-1E9D-4865-B06C-0BD689F23E70}.Release|Any CPU.ActiveCfg = Release|Any CPU
		{1D453D88-1E9D-4865-B06C-0BD689F23E70}.Release|Any CPU.Build.0 = Release|Any CPU
		{1D453D88-1E9D-4865-B06C-0BD689F23E70}.Release|x64.ActiveCfg = Release|Any CPU
		{1D453D88-1E9D-4865-B06C-0BD689F23E70}.Release|x64.Build.0 = Release|Any CPU
		{1D453D88-1E9D-4865-B06C-0BD689F23E70}.Release|x86.ActiveCfg = Release|Any CPU
		{1D453D88-1E9D-4865-B06C-0BD689F23E70}.Release|x86.Build.0 = Release|Any CPU
		{BB47279C-F0EF-4966-B00B-769BB0A3046B}.Debug|Any CPU.ActiveCfg = Debug|Any CPU
		{BB47279C-F0EF-4966-B00B-769BB0A3046B}.Debug|Any CPU.Build.0 = Debug|Any CPU
		{BB47279C-F0EF-4966-B00B-769BB0A3046B}.Debug|x64.ActiveCfg = Debug|Any CPU
		{BB47279C-F0EF-4966-B00B-769BB0A3046B}.Debug|x64.Build.0 = Debug|Any CPU
		{BB47279C-F0EF-4966-B00B-769BB0A3046B}.Debug|x86.ActiveCfg = Debug|Any CPU
		{BB47279C-F0EF-4966-B00B-769BB0A3046B}.Debug|x86.Build.0 = Debug|Any CPU
		{BB47279C-F0EF-4966-B00B-769BB0A3046B}.Release|Any CPU.ActiveCfg = Release|Any CPU
		{BB47279C-F0EF-4966-B00B-769BB0A3046B}.Release|Any CPU.Build.0 = Release|Any CPU
		{BB47279C-F0EF-4966-B00B-769BB0A3046B}.Release|x64.ActiveCfg = Release|Any CPU
		{BB47279C-F0EF-4966-B00B-769BB0A3046B}.Release|x64.Build.0 = Release|Any CPU
		{BB47279C-F0EF-4966-B00B-769BB0A3046B}.Release|x86.ActiveCfg = Release|Any CPU
		{BB47279C-F0EF-4966-B00B-769BB0A3046B}.Release|x86.Build.0 = Release|Any CPU
	EndGlobalSection
	GlobalSection(SolutionProperties) = preSolution
		HideSolutionNode = FALSE
	EndGlobalSection
	GlobalSection(NestedProjects) = preSolution
		{980D0B76-B5BE-412C-8AB7-7ED59A39B477} = {00A34E7F-3787-4B40-A973-B037E312BE04}
		{1D453D88-1E9D-4865-B06C-0BD689F23E70} = {00A34E7F-3787-4B40-A973-B037E312BE04}
		{BB47279C-F0EF-4966-B00B-769BB0A3046B} = {00A34E7F-3787-4B40-A973-B037E312BE04}
		{F8288209-793B-4583-85D9-7588AB0FE3C6} = {00A34E7F-3787-4B40-A973-B037E312BE04}
	EndGlobalSection
EndGlobal
